
Microsoft Visual Studio Solution File, Format Version 12.00
# Visual Studio Version 16
VisualStudioVersion = 16.0.30104.148
MinimumVisualStudioVersion = 10.0.40219.1
Project("{9A19103F-16F7-4668-BE54-9A1E7A4F7556}") = "noip-renew", "noip-renew.csproj", "{61D715A2-E6E7-4335-B3DD-A887CE371613}"
EndProject
Global
	GlobalSection(SolutionConfigurationPlatforms) = preSolution
		Debug|Any CPU = Debug|Any CPU
		Release|Any CPU = Release|Any CPU
	EndGlobalSection
	GlobalSection(ProjectConfigurationPlatforms) = postSolution
		{61D715A2-E6E7-4335-B3DD-A887CE371613}.Debug|Any CPU.ActiveCfg = Debug|Any CPU
		{61D715A2-E6E7-4335-B3DD-A887CE371613}.Debug|Any CPU.Build.0 = Debug|Any CPU
		{61D715A2-E6E7-4335-B3DD-A887CE371613}.Release|Any CPU.ActiveCfg = Release|Any CPU
		{61D715A2-E6E7-4335-B3DD-A887CE371613}.Release|Any CPU.Build.0 = Release|Any CPU
	EndGlobalSection
	GlobalSection(SolutionProperties) = preSolution
		HideSolutionNode = FALSE
	EndGlobalSection
	GlobalSection(ExtensibilityGlobals) = postSolution
		SolutionGuid = {00691FFC-AC00-4221-B532-FE04BC3CA7A3}
	EndGlobalSection
EndGlobal
